// !$*UTF8*$!
{
	archiveVersion = 1;
	classes = {
	};
	objectVersion = 48;
	objects = {

/* Begin PBXBuildFile section */
		4DCF7D0D204DBD2D0031AE75 /* AppDelegate.swift in Sources */ = {isa = PBXBuildFile; fileRef = 4DCF7D0C204DBD2D0031AE75 /* AppDelegate.swift */; };
		4DCF7D12204DBD2D0031AE75 /* Main.storyboard in Resources */ = {isa = PBXBuildFile; fileRef = 4DCF7D10204DBD2D0031AE75 /* Main.storyboard */; };
		4DCF7D14204DBD2D0031AE75 /* Assets.xcassets in Resources */ = {isa = PBXBuildFile; fileRef = 4DCF7D13204DBD2D0031AE75 /* Assets.xcassets */; };
		4DCF7D17204DBD2D0031AE75 /* LaunchScreen.storyboard in Resources */ = {isa = PBXBuildFile; fileRef = 4DCF7D15204DBD2D0031AE75 /* LaunchScreen.storyboard */; };
		4DCF7D1F204DBE2A0031AE75 /* DashboardViewController.swift in Sources */ = {isa = PBXBuildFile; fileRef = 4DCF7D1E204DBE2A0031AE75 /* DashboardViewController.swift */; };
		4DCF7D21204DBE4D0031AE75 /* DiscoverViewController.swift in Sources */ = {isa = PBXBuildFile; fileRef = 4DCF7D20204DBE4D0031AE75 /* DiscoverViewController.swift */; };
		4DCF7D23204DBE5A0031AE75 /* DesignsViewController.swift in Sources */ = {isa = PBXBuildFile; fileRef = 4DCF7D22204DBE5A0031AE75 /* DesignsViewController.swift */; };
		4DCF7D25204DBE630031AE75 /* LearnViewController.swift in Sources */ = {isa = PBXBuildFile; fileRef = 4DCF7D24204DBE630031AE75 /* LearnViewController.swift */; };
		4DCF7D27204DBFE70031AE75 /* UIView+Extensions.swift in Sources */ = {isa = PBXBuildFile; fileRef = 4DCF7D26204DBFE70031AE75 /* UIView+Extensions.swift */; };
		4DCF7D29204DC1960031AE75 /* DashboardHeaderview.swift in Sources */ = {isa = PBXBuildFile; fileRef = 4DCF7D28204DC1960031AE75 /* DashboardHeaderview.swift */; };
		4DCF7D2B204DC59D0031AE75 /* NewDesingCell.swift in Sources */ = {isa = PBXBuildFile; fileRef = 4DCF7D2A204DC59D0031AE75 /* NewDesingCell.swift */; };
		4DCF7D2D204DC5AE0031AE75 /* DesignCell.swift in Sources */ = {isa = PBXBuildFile; fileRef = 4DCF7D2C204DC5AE0031AE75 /* DesignCell.swift */; };
		4DCF7D2F204DC7460031AE75 /* DesignData.swift in Sources */ = {isa = PBXBuildFile; fileRef = 4DCF7D2E204DC7460031AE75 /* DesignData.swift */; };
/* End PBXBuildFile section */

/* Begin PBXFileReference section */
		4DCF7D09204DBD2D0031AE75 /* Designs.app */ = {isa = PBXFileReference; explicitFileType = wrapper.application; includeInIndex = 0; path = Designs.app; sourceTree = BUILT_PRODUCTS_DIR; };
		4DCF7D0C204DBD2D0031AE75 /* AppDelegate.swift */ = {isa = PBXFileReference; lastKnownFileType = sourcecode.swift; path = AppDelegate.swift; sourceTree = "<group>"; };
		4DCF7D11204DBD2D0031AE75 /* Base */ = {isa = PBXFileReference; lastKnownFileType = file.storyboard; name = Base; path = Base.lproj/Main.storyboard; sourceTree = "<group>"; };
		4DCF7D13204DBD2D0031AE75 /* Assets.xcassets */ = {isa = PBXFileReference; lastKnownFileType = folder.assetcatalog; path = Assets.xcassets; sourceTree = "<group>"; };
		4DCF7D16204DBD2D0031AE75 /* Base */ = {isa = PBXFileReference; lastKnownFileType = file.storyboard; name = Base; path = Base.lproj/LaunchScreen.storyboard; sourceTree = "<group>"; };
		4DCF7D18204DBD2D0031AE75 /* Info.plist */ = {isa = PBXFileReference; lastKnownFileType = text.plist.xml; path = Info.plist; sourceTree = "<group>"; };
		4DCF7D1E204DBE2A0031AE75 /* DashboardViewController.swift */ = {isa = PBXFileReference; lastKnownFileType = sourcecode.swift; path = DashboardViewController.swift; sourceTree = "<group>"; };
		4DCF7D20204DBE4D0031AE75 /* DiscoverViewController.swift */ = {isa = PBXFileReference; lastKnownFileType = sourcecode.swift; path = DiscoverViewController.swift; sourceTree = "<group>"; };
		4DCF7D22204DBE5A0031AE75 /* DesignsViewController.swift */ = {isa = PBXFileReference; lastKnownFileType = sourcecode.swift; path = DesignsViewController.swift; sourceTree = "<group>"; };
		4DCF7D24204DBE630031AE75 /* LearnViewController.swift */ = {isa = PBXFileReference; lastKnownFileType = sourcecode.swift; path = LearnViewController.swift; sourceTree = "<group>"; };
		4DCF7D26204DBFE70031AE75 /* UIView+Extensions.swift */ = {isa = PBXFileReference; lastKnownFileType = sourcecode.swift; path = "UIView+Extensions.swift"; sourceTree = "<group>"; };
		4DCF7D28204DC1960031AE75 /* DashboardHeaderview.swift */ = {isa = PBXFileReference; lastKnownFileType = sourcecode.swift; path = DashboardHeaderview.swift; sourceTree = "<group>"; };
		4DCF7D2A204DC59D0031AE75 /* NewDesingCell.swift */ = {isa = PBXFileReference; lastKnownFileType = sourcecode.swift; path = NewDesingCell.swift; sourceTree = "<group>"; };
		4DCF7D2C204DC5AE0031AE75 /* DesignCell.swift */ = {isa = PBXFileReference; lastKnownFileType = sourcecode.swift; path = DesignCell.swift; sourceTree = "<group>"; };
		4DCF7D2E204DC7460031AE75 /* DesignData.swift */ = {isa = PBXFileReference; lastKnownFileType = sourcecode.swift; path = DesignData.swift; sourceTree = "<group>"; };
/* End PBXFileReference section */

/* Begin PBXFrameworksBuildPhase section */
		4DCF7D06204DBD2D0031AE75 /* Frameworks */ = {
			isa = PBXFrameworksBuildPhase;
			buildActionMask = 2147483647;
			files = (
			);
			runOnlyForDeploymentPostprocessing = 0;
		};
/* End PBXFrameworksBuildPhase section */

/* Begin PBXGroup section */
		4DCF7D00204DBD2D0031AE75 = {
			isa = PBXGroup;
			children = (
				4DCF7D0B204DBD2D0031AE75 /* Designs */,
				4DCF7D0A204DBD2D0031AE75 /* Products */,
			);
			sourceTree = "<group>";
		};
		4DCF7D0A204DBD2D0031AE75 /* Products */ = {
			isa = PBXGroup;
			children = (
				4DCF7D09204DBD2D0031AE75 /* Designs.app */,
			);
			name = Products;
			sourceTree = "<group>";
		};
		4DCF7D0B204DBD2D0031AE75 /* Designs */ = {
			isa = PBXGroup;
			children = (
				4DCF7D0C204DBD2D0031AE75 /* AppDelegate.swift */,
				4DCF7D1E204DBE2A0031AE75 /* DashboardViewController.swift */,
				4DCF7D20204DBE4D0031AE75 /* DiscoverViewController.swift */,
				4DCF7D22204DBE5A0031AE75 /* DesignsViewController.swift */,
				4DCF7D24204DBE630031AE75 /* LearnViewController.swift */,
				4DCF7D26204DBFE70031AE75 /* UIView+Extensions.swift */,
				4DCF7D28204DC1960031AE75 /* DashboardHeaderview.swift */,
				4DCF7D2A204DC59D0031AE75 /* NewDesingCell.swift */,
				4DCF7D2C204DC5AE0031AE75 /* DesignCell.swift */,
				4DCF7D2E204DC7460031AE75 /* DesignData.swift */,
				4DCF7D10204DBD2D0031AE75 /* Main.storyboard */,
				4DCF7D13204DBD2D0031AE75 /* Assets.xcassets */,
				4DCF7D15204DBD2D0031AE75 /* LaunchScreen.storyboard */,
				4DCF7D18204DBD2D0031AE75 /* Info.plist */,
			);
			path = Designs;
			sourceTree = "<group>";
		};
/* End PBXGroup section */

/* Begin PBXNativeTarget section */
		4DCF7D08204DBD2D0031AE75 /* Designs */ = {
			isa = PBXNativeTarget;
			buildConfigurationList = 4DCF7D1B204DBD2D0031AE75 /* Build configuration list for PBXNativeTarget "Designs" */;
			buildPhases = (
				4DCF7D05204DBD2D0031AE75 /* Sources */,
				4DCF7D06204DBD2D0031AE75 /* Frameworks */,
				4DCF7D07204DBD2D0031AE75 /* Resources */,
			);
			buildRules = (
			);
			dependencies = (
			);
			name = Designs;
			productName = Designs;
			productReference = 4DCF7D09204DBD2D0031AE75 /* Designs.app */;
			productType = "com.apple.product-type.application";
		};
/* End PBXNativeTarget section */

/* Begin PBXProject section */
		4DCF7D01204DBD2D0031AE75 /* Project object */ = {
			isa = PBXProject;
			attributes = {
				LastSwiftUpdateCheck = 0920;
				LastUpgradeCheck = 0920;
				ORGANIZATIONNAME = "ITK-iOS";
				TargetAttributes = {
					4DCF7D08204DBD2D0031AE75 = {
						CreatedOnToolsVersion = 9.2;
						ProvisioningStyle = Automatic;
					};
				};
			};
			buildConfigurationList = 4DCF7D04204DBD2D0031AE75 /* Build configuration list for PBXProject "Designs" */;
			compatibilityVersion = "Xcode 8.0";
			developmentRegion = en;
			hasScannedForEncodings = 0;
			knownRegions = (
				en,
				Base,
			);
			mainGroup = 4DCF7D00204DBD2D0031AE75;
			productRefGroup = 4DCF7D0A204DBD2D0031AE75 /* Products */;
			projectDirPath = "";
			projectRoot = "";
			targets = (
				4DCF7D08204DBD2D0031AE75 /* Designs */,
			);
		};
/* End PBXProject section */

/* Begin PBXResourcesBuildPhase section */
		4DCF7D07204DBD2D0031AE75 /* Resources */ = {
			isa = PBXResourcesBuildPhase;
			buildActionMask = 2147483647;
			files = (
				4DCF7D17204DBD2D0031AE75 /* LaunchScreen.storyboard in Resources */,
				4DCF7D14204DBD2D0031AE75 /* Assets.xcassets in Resources */,
				4DCF7D12204DBD2D0031AE75 /* Main.storyboard in Resources */,
			);
			runOnlyForDeploymentPostprocessing = 0;
		};
/* End PBXResourcesBuildPhase section */

/* Begin PBXSourcesBuildPhase section */
		4DCF7D05204DBD2D0031AE75 /* Sources */ = {
			isa = PBXSourcesBuildPhase;
			buildActionMask = 2147483647;
			files = (
				4DCF7D29204DC1960031AE75 /* DashboardHeaderview.swift in Sources */,
				4DCF7D27204DBFE70031AE75 /* UIView+Extensions.swift in Sources */,
				4DCF7D2D204DC5AE0031AE75 /* DesignCell.swift in Sources */,
				4DCF7D2B204DC59D0031AE75 /* NewDesingCell.swift in Sources */,
				4DCF7D21204DBE4D0031AE75 /* DiscoverViewController.swift in Sources */,
				4DCF7D2F204DC7460031AE75 /* DesignData.swift in Sources */,
				4DCF7D23204DBE5A0031AE75 /* DesignsViewController.swift in Sources */,
				4DCF7D1F204DBE2A0031AE75 /* DashboardViewController.swift in Sources */,
				4DCF7D0D204DBD2D0031AE75 /* AppDelegate.swift in Sources */,
				4DCF7D25204DBE630031AE75 /* LearnViewController.swift in Sources */,
			);
			runOnlyForDeploymentPostprocessing = 0;
		};
/* End PBXSourcesBuildPhase section */

/* Begin PBXVariantGroup section */
		4DCF7D10204DBD2D0031AE75 /* Main.storyboard */ = {
			isa = PBXVariantGroup;
			children = (
				4DCF7D11204DBD2D0031AE75 /* Base */,
			);
			name = Main.storyboard;
			sourceTree = "<group>";
		};
		4DCF7D15204DBD2D0031AE75 /* LaunchScreen.storyboard */ = {
			isa = PBXVariantGroup;
			children = (
				4DCF7D16204DBD2D0031AE75 /* Base */,
			);
			name = LaunchScreen.storyboard;
			sourceTree = "<group>";
		};
/* End PBXVariantGroup section */

/* Begin XCBuildConfiguration section */
		4DCF7D19204DBD2D0031AE75 /* Debug */ = {
			isa = XCBuildConfiguration;
			buildSettings = {
				ALWAYS_SEARCH_USER_PATHS = NO;
				CLANG_ANALYZER_NONNULL = YES;
				CLANG_ANALYZER_NUMBER_OBJECT_CONVERSION = YES_AGGRESSIVE;
				CLANG_CXX_LANGUAGE_STANDARD = "gnu++14";
				CLANG_CXX_LIBRARY = "libc++";
				CLANG_ENABLE_MODULES = YES;
				CLANG_ENABLE_OBJC_ARC = YES;
				CLANG_WARN_BLOCK_CAPTURE_AUTORELEASING = YES;
				CLANG_WARN_BOOL_CONVERSION = YES;
				CLANG_WARN_COMMA = YES;
				CLANG_WARN_CONSTANT_CONVERSION = YES;
				CLANG_WARN_DIRECT_OBJC_ISA_USAGE = YES_ERROR;
				CLANG_WARN_DOCUMENTATION_COMMENTS = YES;
				CLANG_WARN_EMPTY_BODY = YES;
				CLANG_WARN_ENUM_CONVERSION = YES;
				CLANG_WARN_INFINITE_RECURSION = YES;
				CLANG_WARN_INT_CONVERSION = YES;
				CLANG_WARN_NON_LITERAL_NULL_CONVERSION = YES;
				CLANG_WARN_OBJC_LITERAL_CONVERSION = YES;
				CLANG_WARN_OBJC_ROOT_CLASS = YES_ERROR;
				CLANG_WARN_RANGE_LOOP_ANALYSIS = YES;
				CLANG_WARN_STRICT_PROTOTYPES = YES;
				CLANG_WARN_SUSPICIOUS_MOVE = YES;
				CLANG_WARN_UNGUARDED_AVAILABILITY = YES_AGGRESSIVE;
				CLANG_WARN_UNREACHABLE_CODE = YES;
				CLANG_WARN__DUPLICATE_METHOD_MATCH = YES;
				CODE_SIGN_IDENTITY = "iPhone Developer";
				COPY_PHASE_STRIP = NO;
				DEBUG_INFORMATION_FORMAT = dwarf;
				ENABLE_STRICT_OBJC_MSGSEND = YES;
				ENABLE_TESTABILITY = YES;
				GCC_C_LANGUAGE_STANDARD = gnu11;
				GCC_DYNAMIC_NO_PIC = NO;
				GCC_NO_COMMON_BLOCKS = YES;
				GCC_OPTIMIZATION_LEVEL = 0;
				GCC_PREPROCESSOR_DEFINITIONS = (
					"DEBUG=1",
					"$(inherited)",
				);
				GCC_WARN_64_TO_32_BIT_CONVERSION = YES;
				GCC_WARN_ABOUT_RETURN_TYPE = YES_ERROR;
				GCC_WARN_UNDECLARED_SELECTOR = YES;
				GCC_WARN_UNINITIALIZED_AUTOS = YES_AGGRESSIVE;
				GCC_WARN_UNUSED_FUNCTION = YES;
				GCC_WARN_UNUSED_VARIABLE = YES;
				IPHONEOS_DEPLOYMENT_TARGET = 11.2;
				MTL_ENABLE_DEBUG_INFO = YES;
				ONLY_ACTIVE_ARCH = YES;
				SDKROOT = iphoneos;
				SWIFT_ACTIVE_COMPILATION_CONDITIONS = DEBUG;
				SWIFT_OPTIMIZATION_LEVEL = "-Onone";
			};
			name = Debug;
		};
		4DCF7D1A204DBD2D0031AE75 /* Release */ = {
			isa = XCBuildConfiguration;
			buildSettings = {
				ALWAYS_SEARCH_USER_PATHS = NO;
				CLANG_ANALYZER_NONNULL = YES;
				CLANG_ANALYZER_NUMBER_OBJECT_CONVERSION = YES_AGGRESSIVE;
				CLANG_CXX_LANGUAGE_STANDARD = "gnu++14";
				CLANG_CXX_LIBRARY = "libc++";
				CLANG_ENABLE_MODULES = YES;
				CLANG_ENABLE_OBJC_ARC = YES;
				CLANG_WARN_BLOCK_CAPTURE_AUTORELEASING = YES;
				CLANG_WARN_BOOL_CONVERSION = YES;
				CLANG_WARN_COMMA = YES;
				CLANG_WARN_CONSTANT_CONVERSION = YES;
				CLANG_WARN_DIRECT_OBJC_ISA_USAGE = YES_ERROR;
				CLANG_WARN_DOCUMENTATION_COMMENTS = YES;
				CLANG_WARN_EMPTY_BODY = YES;
				CLANG_WARN_ENUM_CONVERSION = YES;
				CLANG_WARN_INFINITE_RECURSION = YES;
				CLANG_WARN_INT_CONVERSION = YES;
				CLANG_WARN_NON_LITERAL_NULL_CONVERSION = YES;
				CLANG_WARN_OBJC_LITERAL_CONVERSION = YES;
				CLANG_WARN_OBJC_ROOT_CLASS = YES_ERROR;
				CLANG_WARN_RANGE_LOOP_ANALYSIS = YES;
				CLANG_WARN_STRICT_PROTOTYPES = YES;
				CLANG_WARN_SUSPICIOUS_MOVE = YES;
				CLANG_WARN_UNGUARDED_AVAILABILITY = YES_AGGRESSIVE;
				CLANG_WARN_UNREACHABLE_CODE = YES;
				CLANG_WARN__DUPLICATE_METHOD_MATCH = YES;
				CODE_SIGN_IDENTITY = "iPhone Developer";
				COPY_PHASE_STRIP = NO;
				DEBUG_INFORMATION_FORMAT = "dwarf-with-dsym";
				ENABLE_NS_ASSERTIONS = NO;
				ENABLE_STRICT_OBJC_MSGSEND = YES;
				GCC_C_LANGUAGE_STANDARD = gnu11;
				GCC_NO_COMMON_BLOCKS = YES;
				GCC_WARN_64_TO_32_BIT_CONVERSION = YES;
				GCC_WARN_ABOUT_RETURN_TYPE = YES_ERROR;
				GCC_WARN_UNDECLARED_SELECTOR = YES;
				GCC_WARN_UNINITIALIZED_AUTOS = YES_AGGRESSIVE;
				GCC_WARN_UNUSED_FUNCTION = YES;
				GCC_WARN_UNUSED_VARIABLE = YES;
				IPHONEOS_DEPLOYMENT_TARGET = 11.2;
				MTL_ENABLE_DEBUG_INFO = NO;
				SDKROOT = iphoneos;
				SWIFT_OPTIMIZATION_LEVEL = "-Owholemodule";
				VALIDATE_PRODUCT = YES;
			};
			name = Release;
		};
		4DCF7D1C204DBD2D0031AE75 /* Debug */ = {
			isa = XCBuildConfiguration;
			buildSettings = {
				ASSETCATALOG_COMPILER_APPICON_NAME = AppIcon;
				CODE_SIGN_STYLE = Automatic;
				DEVELOPMENT_TEAM = "";
				INFOPLIST_FILE = Designs/Info.plist;
				LD_RUNPATH_SEARCH_PATHS = "$(inherited) @executable_path/Frameworks";
				PRODUCT_BUNDLE_IDENTIFIER = com.ppke.itk.ios.Designs;
				PRODUCT_NAME = "$(TARGET_NAME)";
				SWIFT_VERSION = 4.0;
				TARGETED_DEVICE_FAMILY = "1,2";
			};
			name = Debug;
		};
		4DCF7D1D204DBD2D0031AE75 /* Release */ = {
			isa = XCBuildConfiguration;
			buildSettings = {
				ASSETCATALOG_COMPILER_APPICON_NAME = AppIcon;
				CODE_SIGN_STYLE = Automatic;
				DEVELOPMENT_TEAM = "";
				INFOPLIST_FILE = Designs/Info.plist;
				LD_RUNPATH_SEARCH_PATHS = "$(inherited) @executable_path/Frameworks";
				PRODUCT_BUNDLE_IDENTIFIER = com.ppke.itk.ios.Designs;
				PRODUCT_NAME = "$(TARGET_NAME)";
				SWIFT_VERSION = 4.0;
				TARGETED_DEVICE_FAMILY = "1,2";
			};
			name = Release;
		};
/* End XCBuildConfiguration section */

/* Begin XCConfigurationList section */
		4DCF7D04204DBD2D0031AE75 /* Build configuration list for PBXProject "Designs" */ = {
			isa = XCConfigurationList;
			buildConfigurations = (
				4DCF7D19204DBD2D0031AE75 /* Debug */,
				4DCF7D1A204DBD2D0031AE75 /* Release */,
			);
			defaultConfigurationIsVisible = 0;
			defaultConfigurationName = Release;
		};
		4DCF7D1B204DBD2D0031AE75 /* Build configuration list for PBXNativeTarget "Designs" */ = {
			isa = XCConfigurationList;
			buildConfigurations = (
				4DCF7D1C204DBD2D0031AE75 /* Debug */,
				4DCF7D1D204DBD2D0031AE75 /* Release */,
			);
			defaultConfigurationIsVisible = 0;
			defaultConfigurationName = Release;
		};
/* End XCConfigurationList section */
	};
	rootObject = 4DCF7D01204DBD2D0031AE75 /* Project object */;
}
